
Microsoft Visual Studio Solution File, Format Version 12.00
# Visual Studio Version 16
VisualStudioVersion = 16.0.30309.148
MinimumVisualStudioVersion = 10.0.40219.1
Project("{FAE04EC0-301F-11D3-BF4B-00C04F79EFBC}") = "ExpenseIt", "ExpenseIt.csproj", "{E4C82A5F-A4FD-4FD3-BACC-2A8EC41D9E41}"
EndProject
Global
	GlobalSection(SolutionConfigurationPlatforms) = preSolution
		Debug|Any CPU = Debug|Any CPU
		Release|Any CPU = Release|Any CPU
	EndGlobalSection
	GlobalSection(ProjectConfigurationPlatforms) = postSolution
		{E4C82A5F-A4FD-4FD3-BACC-2A8EC41D9E41}.Debug|Any CPU.ActiveCfg = Debug|Any CPU
		{E4C82A5F-A4FD-4FD3-BACC-2A8EC41D9E41}.Debug|Any CPU.Build.0 = Debug|Any CPU
		{E4C82A5F-A4FD-4FD3-BACC-2A8EC41D9E41}.Release|Any CPU.ActiveCfg = Release|Any CPU
		{E4C82A5F-A4FD-4FD3-BACC-2A8EC41D9E41}.Release|Any CPU.Build.0 = Release|Any CPU
	EndGlobalSection
	GlobalSection(SolutionProperties) = preSolution
		HideSolutionNode = FALSE
	EndGlobalSection
	GlobalSection(ExtensibilityGlobals) = postSolution
		SolutionGuid = {D0B2AF60-8394-49BF-8141-6EB4D48E0409}
	EndGlobalSection
EndGlobal
