
Microsoft Visual Studio Solution File, Format Version 12.00
# Visual Studio Version 16
VisualStudioVersion = 16.0.30320.27
MinimumVisualStudioVersion = 10.0.40219.1
Project("{FAE04EC0-301F-11D3-BF4B-00C04F79EFBC}") = "My_First_App", "My_First_App.csproj", "{C69573A1-AA9D-4DB7-A880-736590800267}"
EndProject
Global
	GlobalSection(SolutionConfigurationPlatforms) = preSolution
		Debug|Any CPU = Debug|Any CPU
		Release|Any CPU = Release|Any CPU
	EndGlobalSection
	GlobalSection(ProjectConfigurationPlatforms) = postSolution
		{C69573A1-AA9D-4DB7-A880-736590800267}.Debug|Any CPU.ActiveCfg = Debug|Any CPU
		{C69573A1-AA9D-4DB7-A880-736590800267}.Debug|Any CPU.Build.0 = Debug|Any CPU
		{C69573A1-AA9D-4DB7-A880-736590800267}.Release|Any CPU.ActiveCfg = Release|Any CPU
		{C69573A1-AA9D-4DB7-A880-736590800267}.Release|Any CPU.Build.0 = Release|Any CPU
	EndGlobalSection
	GlobalSection(SolutionProperties) = preSolution
		HideSolutionNode = FALSE
	EndGlobalSection
	GlobalSection(ExtensibilityGlobals) = postSolution
		SolutionGuid = {F1FD5DC4-E0EC-4C08-9207-F9499B366544}
	EndGlobalSection
EndGlobal
