
Microsoft Visual Studio Solution File, Format Version 12.00
# Visual Studio 15
VisualStudioVersion = 15.0.27428.2015
MinimumVisualStudioVersion = 10.0.40219.1
Project("{FAE04EC0-301F-11D3-BF4B-00C04F79EFBC}") = "TWCFService", "TWCFService\TWCFService.csproj", "{7F32C4F9-FC56-4C2D-85C8-8F04E83C9C9A}"
EndProject
Global
	GlobalSection(SolutionConfigurationPlatforms) = preSolution
		Debug|Any CPU = Debug|Any CPU
		Release|Any CPU = Release|Any CPU
	EndGlobalSection
	GlobalSection(ProjectConfigurationPlatforms) = postSolution
		{7F32C4F9-FC56-4C2D-85C8-8F04E83C9C9A}.Debug|Any CPU.ActiveCfg = Debug|Any CPU
		{7F32C4F9-FC56-4C2D-85C8-8F04E83C9C9A}.Debug|Any CPU.Build.0 = Debug|Any CPU
		{7F32C4F9-FC56-4C2D-85C8-8F04E83C9C9A}.Release|Any CPU.ActiveCfg = Release|Any CPU
		{7F32C4F9-FC56-4C2D-85C8-8F04E83C9C9A}.Release|Any CPU.Build.0 = Release|Any CPU
	EndGlobalSection
	GlobalSection(SolutionProperties) = preSolution
		HideSolutionNode = FALSE
	EndGlobalSection
	GlobalSection(ExtensibilityGlobals) = postSolution
		SolutionGuid = {23F4C37F-3715-4C9D-B70E-80988AF11D93}
	EndGlobalSection
EndGlobal
